// !$*UTF8*$!
{
	archiveVersion = 1;
	classes = {
	};
	objectVersion = 56;
	objects = {

/* Begin PBXBuildFile section */
		0407ED6B2C48602C00C714E9 /* MovieDTO.swift in Sources */ = {isa = PBXBuildFile; fileRef = 0407ED6A2C48602C00C714E9 /* MovieDTO.swift */; };
		0407ED6D2C48608A00C714E9 /* MovieEndpoints.swift in Sources */ = {isa = PBXBuildFile; fileRef = 0407ED6C2C48608A00C714E9 /* MovieEndpoints.swift */; };
		0407ED6F2C48613100C714E9 /* MovieContract.swift in Sources */ = {isa = PBXBuildFile; fileRef = 0407ED6E2C48613100C714E9 /* MovieContract.swift */; };
		0407ED712C48614A00C714E9 /* MovieRepository.swift in Sources */ = {isa = PBXBuildFile; fileRef = 0407ED702C48614A00C714E9 /* MovieRepository.swift */; };
		0407ED732C48618300C714E9 /* MovieEntity.swift in Sources */ = {isa = PBXBuildFile; fileRef = 0407ED722C48618300C714E9 /* MovieEntity.swift */; };
		0407ED752C4861AB00C714E9 /* MovieUseCaseContract.swift in Sources */ = {isa = PBXBuildFile; fileRef = 0407ED742C4861AB00C714E9 /* MovieUseCaseContract.swift */; };
		0407ED772C4861C700C714E9 /* MovieUseCase.swift in Sources */ = {isa = PBXBuildFile; fileRef = 0407ED762C4861C700C714E9 /* MovieUseCase.swift */; };
		0407ED792C48621D00C714E9 /* MovieViewModel.swift in Sources */ = {isa = PBXBuildFile; fileRef = 0407ED782C48621D00C714E9 /* MovieViewModel.swift */; };
		0407ED7B2C48624200C714E9 /* MovieViewModelType.swift in Sources */ = {isa = PBXBuildFile; fileRef = 0407ED7A2C48624200C714E9 /* MovieViewModelType.swift */; };
		0407ED7D2C48661200C714E9 /* Mapper.swift in Sources */ = {isa = PBXBuildFile; fileRef = 0407ED7C2C48661200C714E9 /* Mapper.swift */; };
		0407ED822C4880E700C714E9 /* TabBarViewController.swift in Sources */ = {isa = PBXBuildFile; fileRef = 0407ED802C4880E700C714E9 /* TabBarViewController.swift */; };
		0407ED862C48969C00C714E9 /* MovieTableViewCell.swift in Sources */ = {isa = PBXBuildFile; fileRef = 0407ED842C48969C00C714E9 /* MovieTableViewCell.swift */; };
		0407ED872C48969C00C714E9 /* MovieTableViewCell.xib in Resources */ = {isa = PBXBuildFile; fileRef = 0407ED852C48969C00C714E9 /* MovieTableViewCell.xib */; };
		0407ED8B2C48990000C714E9 /* UIView+extension.swift in Sources */ = {isa = PBXBuildFile; fileRef = 0407ED8A2C48990000C714E9 /* UIView+extension.swift */; };
		0407ED8D2C489AF500C714E9 /* UITableView+extension.swift in Sources */ = {isa = PBXBuildFile; fileRef = 0407ED8C2C489AF500C714E9 /* UITableView+extension.swift */; };
		0407ED922C496E7A00C714E9 /* MovieDetailsViewController.swift in Sources */ = {isa = PBXBuildFile; fileRef = 0407ED902C496E7A00C714E9 /* MovieDetailsViewController.swift */; };
		0407ED932C496E7A00C714E9 /* MovieDetailsViewController.xib in Resources */ = {isa = PBXBuildFile; fileRef = 0407ED912C496E7A00C714E9 /* MovieDetailsViewController.xib */; };
		0407ED952C496E8D00C714E9 /* MovieDetailsViewModel.swift in Sources */ = {isa = PBXBuildFile; fileRef = 0407ED942C496E8D00C714E9 /* MovieDetailsViewModel.swift */; };
		0407ED982C4977C300C714E9 /* Coordinator.swift in Sources */ = {isa = PBXBuildFile; fileRef = 0407ED972C4977C300C714E9 /* Coordinator.swift */; };
		0407ED9A2C49781300C714E9 /* MovieCoordinator.swift in Sources */ = {isa = PBXBuildFile; fileRef = 0407ED992C49781300C714E9 /* MovieCoordinator.swift */; };
		0407ED9D2C49D97100C714E9 /* CacheManager.swift in Sources */ = {isa = PBXBuildFile; fileRef = 0407ED9C2C49D97100C714E9 /* CacheManager.swift */; };
		0407EDAB2C49F6AF00C714E9 /* MovieType.swift in Sources */ = {isa = PBXBuildFile; fileRef = 0407EDAA2C49F6AF00C714E9 /* MovieType.swift */; };
		0407EDAD2C4A020E00C714E9 /* BaseViewController.swift in Sources */ = {isa = PBXBuildFile; fileRef = 0407EDAC2C4A020E00C714E9 /* BaseViewController.swift */; };
		046B98592C46CE6F008EE218 /* AppDelegate.swift in Sources */ = {isa = PBXBuildFile; fileRef = 046B98582C46CE6F008EE218 /* AppDelegate.swift */; };
		046B985B2C46CE6F008EE218 /* SceneDelegate.swift in Sources */ = {isa = PBXBuildFile; fileRef = 046B985A2C46CE6F008EE218 /* SceneDelegate.swift */; };
		046B985D2C46CE6F008EE218 /* ViewController.swift in Sources */ = {isa = PBXBuildFile; fileRef = 046B985C2C46CE6F008EE218 /* ViewController.swift */; };
		046B98602C46CE6F008EE218 /* Main.storyboard in Resources */ = {isa = PBXBuildFile; fileRef = 046B985E2C46CE6F008EE218 /* Main.storyboard */; };
		046B98632C46CE6F008EE218 /* banquemisr_challenge05.xcdatamodeld in Sources */ = {isa = PBXBuildFile; fileRef = 046B98612C46CE6F008EE218 /* banquemisr_challenge05.xcdatamodeld */; };
		046B98652C46CE78008EE218 /* Assets.xcassets in Resources */ = {isa = PBXBuildFile; fileRef = 046B98642C46CE78008EE218 /* Assets.xcassets */; };
		046B98682C46CE78008EE218 /* LaunchScreen.storyboard in Resources */ = {isa = PBXBuildFile; fileRef = 046B98662C46CE78008EE218 /* LaunchScreen.storyboard */; };
		046B98732C46CE79008EE218 /* banquemisr_challenge05Tests.swift in Sources */ = {isa = PBXBuildFile; fileRef = 046B98722C46CE79008EE218 /* banquemisr_challenge05Tests.swift */; };
		046B987D2C46CE79008EE218 /* banquemisr_challenge05UITests.swift in Sources */ = {isa = PBXBuildFile; fileRef = 046B987C2C46CE79008EE218 /* banquemisr_challenge05UITests.swift */; };
		046B987F2C46CE79008EE218 /* banquemisr_challenge05UITestsLaunchTests.swift in Sources */ = {isa = PBXBuildFile; fileRef = 046B987E2C46CE79008EE218 /* banquemisr_challenge05UITestsLaunchTests.swift */; };
		046B98B62C46D0C9008EE218 /* MoviesViewController.swift in Sources */ = {isa = PBXBuildFile; fileRef = 046B98B42C46D0C9008EE218 /* MoviesViewController.swift */; };
		046B98B72C46D0C9008EE218 /* MoviesViewController.xib in Resources */ = {isa = PBXBuildFile; fileRef = 046B98B52C46D0C9008EE218 /* MoviesViewController.xib */; };
		046B98F82C47023C008EE218 /* NetworkService.framework in Frameworks */ = {isa = PBXBuildFile; fileRef = 046B98F72C47023C008EE218 /* NetworkService.framework */; };
		046B98F92C47023C008EE218 /* NetworkService.framework in Embed Frameworks */ = {isa = PBXBuildFile; fileRef = 046B98F72C47023C008EE218 /* NetworkService.framework */; settings = {ATTRIBUTES = (CodeSignOnCopy, RemoveHeadersOnCopy, ); }; };
/* End PBXBuildFile section */

/* Begin PBXContainerItemProxy section */
		046B986F2C46CE78008EE218 /* PBXContainerItemProxy */ = {
			isa = PBXContainerItemProxy;
			containerPortal = 046B984D2C46CE6F008EE218 /* Project object */;
			proxyType = 1;
			remoteGlobalIDString = 046B98542C46CE6F008EE218;
			remoteInfo = banquemisr.challenge05;
		};
		046B98792C46CE79008EE218 /* PBXContainerItemProxy */ = {
			isa = PBXContainerItemProxy;
			containerPortal = 046B984D2C46CE6F008EE218 /* Project object */;
			proxyType = 1;
			remoteGlobalIDString = 046B98542C46CE6F008EE218;
			remoteInfo = banquemisr.challenge05;
		};
/* End PBXContainerItemProxy section */

/* Begin PBXCopyFilesBuildPhase section */
		046B98FA2C47023C008EE218 /* Embed Frameworks */ = {
			isa = PBXCopyFilesBuildPhase;
			buildActionMask = 2147483647;
			dstPath = "";
			dstSubfolderSpec = 10;
			files = (
				046B98F92C47023C008EE218 /* NetworkService.framework in Embed Frameworks */,
			);
			name = "Embed Frameworks";
			runOnlyForDeploymentPostprocessing = 0;
		};
/* End PBXCopyFilesBuildPhase section */

/* Begin PBXFileReference section */
		0407ED6A2C48602C00C714E9 /* MovieDTO.swift */ = {isa = PBXFileReference; lastKnownFileType = sourcecode.swift; path = MovieDTO.swift; sourceTree = "<group>"; };
		0407ED6C2C48608A00C714E9 /* MovieEndpoints.swift */ = {isa = PBXFileReference; lastKnownFileType = sourcecode.swift; path = MovieEndpoints.swift; sourceTree = "<group>"; };
		0407ED6E2C48613100C714E9 /* MovieContract.swift */ = {isa = PBXFileReference; lastKnownFileType = sourcecode.swift; path = MovieContract.swift; sourceTree = "<group>"; };
		0407ED702C48614A00C714E9 /* MovieRepository.swift */ = {isa = PBXFileReference; lastKnownFileType = sourcecode.swift; path = MovieRepository.swift; sourceTree = "<group>"; };
		0407ED722C48618300C714E9 /* MovieEntity.swift */ = {isa = PBXFileReference; lastKnownFileType = sourcecode.swift; path = MovieEntity.swift; sourceTree = "<group>"; };
		0407ED742C4861AB00C714E9 /* MovieUseCaseContract.swift */ = {isa = PBXFileReference; lastKnownFileType = sourcecode.swift; path = MovieUseCaseContract.swift; sourceTree = "<group>"; };
		0407ED762C4861C700C714E9 /* MovieUseCase.swift */ = {isa = PBXFileReference; lastKnownFileType = sourcecode.swift; path = MovieUseCase.swift; sourceTree = "<group>"; };
		0407ED782C48621D00C714E9 /* MovieViewModel.swift */ = {isa = PBXFileReference; lastKnownFileType = sourcecode.swift; path = MovieViewModel.swift; sourceTree = "<group>"; };
		0407ED7A2C48624200C714E9 /* MovieViewModelType.swift */ = {isa = PBXFileReference; lastKnownFileType = sourcecode.swift; path = MovieViewModelType.swift; sourceTree = "<group>"; };
		0407ED7C2C48661200C714E9 /* Mapper.swift */ = {isa = PBXFileReference; lastKnownFileType = sourcecode.swift; path = Mapper.swift; sourceTree = "<group>"; };
		0407ED802C4880E700C714E9 /* TabBarViewController.swift */ = {isa = PBXFileReference; lastKnownFileType = sourcecode.swift; path = TabBarViewController.swift; sourceTree = "<group>"; };
		0407ED842C48969C00C714E9 /* MovieTableViewCell.swift */ = {isa = PBXFileReference; lastKnownFileType = sourcecode.swift; path = MovieTableViewCell.swift; sourceTree = "<group>"; };
		0407ED852C48969C00C714E9 /* MovieTableViewCell.xib */ = {isa = PBXFileReference; lastKnownFileType = file.xib; path = MovieTableViewCell.xib; sourceTree = "<group>"; };
		0407ED8A2C48990000C714E9 /* UIView+extension.swift */ = {isa = PBXFileReference; lastKnownFileType = sourcecode.swift; path = "UIView+extension.swift"; sourceTree = "<group>"; };
		0407ED8C2C489AF500C714E9 /* UITableView+extension.swift */ = {isa = PBXFileReference; lastKnownFileType = sourcecode.swift; path = "UITableView+extension.swift"; sourceTree = "<group>"; };
		0407ED902C496E7A00C714E9 /* MovieDetailsViewController.swift */ = {isa = PBXFileReference; lastKnownFileType = sourcecode.swift; path = MovieDetailsViewController.swift; sourceTree = "<group>"; };
		0407ED912C496E7A00C714E9 /* MovieDetailsViewController.xib */ = {isa = PBXFileReference; lastKnownFileType = file.xib; path = MovieDetailsViewController.xib; sourceTree = "<group>"; };
		0407ED942C496E8D00C714E9 /* MovieDetailsViewModel.swift */ = {isa = PBXFileReference; lastKnownFileType = sourcecode.swift; path = MovieDetailsViewModel.swift; sourceTree = "<group>"; };
		0407ED972C4977C300C714E9 /* Coordinator.swift */ = {isa = PBXFileReference; lastKnownFileType = sourcecode.swift; path = Coordinator.swift; sourceTree = "<group>"; };
		0407ED992C49781300C714E9 /* MovieCoordinator.swift */ = {isa = PBXFileReference; lastKnownFileType = sourcecode.swift; path = MovieCoordinator.swift; sourceTree = "<group>"; };
		0407ED9C2C49D97100C714E9 /* CacheManager.swift */ = {isa = PBXFileReference; lastKnownFileType = sourcecode.swift; path = CacheManager.swift; sourceTree = "<group>"; };
		0407EDA42C49E5C200C714E9 /* upcoming-Movies.json */ = {isa = PBXFileReference; lastKnownFileType = text.json; path = "upcoming-Movies.json"; sourceTree = "<group>"; };
		0407EDA62C49E69100C714E9 /* playing-now-movies.json */ = {isa = PBXFileReference; lastKnownFileType = text.json; path = "playing-now-movies.json"; sourceTree = "<group>"; };
		0407EDA82C49E6AA00C714E9 /* popular-movies.json */ = {isa = PBXFileReference; lastKnownFileType = text.json; path = "popular-movies.json"; sourceTree = "<group>"; };
		0407EDAA2C49F6AF00C714E9 /* MovieType.swift */ = {isa = PBXFileReference; lastKnownFileType = sourcecode.swift; path = MovieType.swift; sourceTree = "<group>"; };
		0407EDAC2C4A020E00C714E9 /* BaseViewController.swift */ = {isa = PBXFileReference; lastKnownFileType = sourcecode.swift; path = BaseViewController.swift; sourceTree = "<group>"; };
		046B98552C46CE6F008EE218 /* banquemisr.challenge05.app */ = {isa = PBXFileReference; explicitFileType = wrapper.application; includeInIndex = 0; path = banquemisr.challenge05.app; sourceTree = BUILT_PRODUCTS_DIR; };
		046B98582C46CE6F008EE218 /* AppDelegate.swift */ = {isa = PBXFileReference; lastKnownFileType = sourcecode.swift; path = AppDelegate.swift; sourceTree = "<group>"; };
		046B985A2C46CE6F008EE218 /* SceneDelegate.swift */ = {isa = PBXFileReference; lastKnownFileType = sourcecode.swift; path = SceneDelegate.swift; sourceTree = "<group>"; };
		046B985C2C46CE6F008EE218 /* ViewController.swift */ = {isa = PBXFileReference; lastKnownFileType = sourcecode.swift; path = ViewController.swift; sourceTree = "<group>"; };
		046B985F2C46CE6F008EE218 /* Base */ = {isa = PBXFileReference; lastKnownFileType = file.storyboard; name = Base; path = Base.lproj/Main.storyboard; sourceTree = "<group>"; };
		046B98622C46CE6F008EE218 /* banquemisr_challenge05.xcdatamodel */ = {isa = PBXFileReference; lastKnownFileType = wrapper.xcdatamodel; path = banquemisr_challenge05.xcdatamodel; sourceTree = "<group>"; };
		046B98642C46CE78008EE218 /* Assets.xcassets */ = {isa = PBXFileReference; lastKnownFileType = folder.assetcatalog; path = Assets.xcassets; sourceTree = "<group>"; };
		046B98672C46CE78008EE218 /* Base */ = {isa = PBXFileReference; lastKnownFileType = file.storyboard; name = Base; path = Base.lproj/LaunchScreen.storyboard; sourceTree = "<group>"; };
		046B98692C46CE78008EE218 /* Info.plist */ = {isa = PBXFileReference; lastKnownFileType = text.plist.xml; path = Info.plist; sourceTree = "<group>"; };
		046B986E2C46CE78008EE218 /* banquemisr.challenge05Tests.xctest */ = {isa = PBXFileReference; explicitFileType = wrapper.cfbundle; includeInIndex = 0; path = banquemisr.challenge05Tests.xctest; sourceTree = BUILT_PRODUCTS_DIR; };
		046B98722C46CE79008EE218 /* banquemisr_challenge05Tests.swift */ = {isa = PBXFileReference; lastKnownFileType = sourcecode.swift; path = banquemisr_challenge05Tests.swift; sourceTree = "<group>"; };
		046B98782C46CE79008EE218 /* banquemisr.challenge05UITests.xctest */ = {isa = PBXFileReference; explicitFileType = wrapper.cfbundle; includeInIndex = 0; path = banquemisr.challenge05UITests.xctest; sourceTree = BUILT_PRODUCTS_DIR; };
		046B987C2C46CE79008EE218 /* banquemisr_challenge05UITests.swift */ = {isa = PBXFileReference; lastKnownFileType = sourcecode.swift; path = banquemisr_challenge05UITests.swift; sourceTree = "<group>"; };
		046B987E2C46CE79008EE218 /* banquemisr_challenge05UITestsLaunchTests.swift */ = {isa = PBXFileReference; lastKnownFileType = sourcecode.swift; path = banquemisr_challenge05UITestsLaunchTests.swift; sourceTree = "<group>"; };
		046B98B42C46D0C9008EE218 /* MoviesViewController.swift */ = {isa = PBXFileReference; lastKnownFileType = sourcecode.swift; path = MoviesViewController.swift; sourceTree = "<group>"; };
		046B98B52C46D0C9008EE218 /* MoviesViewController.xib */ = {isa = PBXFileReference; lastKnownFileType = file.xib; path = MoviesViewController.xib; sourceTree = "<group>"; };
		046B98F72C47023C008EE218 /* NetworkService.framework */ = {isa = PBXFileReference; explicitFileType = wrapper.framework; path = NetworkService.framework; sourceTree = BUILT_PRODUCTS_DIR; };
/* End PBXFileReference section */

/* Begin PBXFrameworksBuildPhase section */
		046B98522C46CE6F008EE218 /* Frameworks */ = {
			isa = PBXFrameworksBuildPhase;
			buildActionMask = 2147483647;
			files = (
				046B98F82C47023C008EE218 /* NetworkService.framework in Frameworks */,
			);
			runOnlyForDeploymentPostprocessing = 0;
		};
		046B986B2C46CE78008EE218 /* Frameworks */ = {
			isa = PBXFrameworksBuildPhase;
			buildActionMask = 2147483647;
			files = (
			);
			runOnlyForDeploymentPostprocessing = 0;
		};
		046B98752C46CE79008EE218 /* Frameworks */ = {
			isa = PBXFrameworksBuildPhase;
			buildActionMask = 2147483647;
			files = (
			);
			runOnlyForDeploymentPostprocessing = 0;
		};
/* End PBXFrameworksBuildPhase section */

/* Begin PBXGroup section */
		0407ED662C485F8300C714E9 /* Presentaion */ = {
			isa = PBXGroup;
			children = (
				046B98B22C46D0A0008EE218 /* ViewModel */,
				046B98B12C46D099008EE218 /* View */,
			);
			path = Presentaion;
			sourceTree = "<group>";
		};
		0407ED672C485F9800C714E9 /* Domain */ = {
			isa = PBXGroup;
			children = (
				0407ED6E2C48613100C714E9 /* MovieContract.swift */,
				0407ED722C48618300C714E9 /* MovieEntity.swift */,
				0407ED742C4861AB00C714E9 /* MovieUseCaseContract.swift */,
				0407ED762C4861C700C714E9 /* MovieUseCase.swift */,
				0407ED7C2C48661200C714E9 /* Mapper.swift */,
				0407EDAA2C49F6AF00C714E9 /* MovieType.swift */,
			);
			path = Domain;
			sourceTree = "<group>";
		};
		0407ED682C485FA400C714E9 /* Data */ = {
			isa = PBXGroup;
			children = (
				0407ED6A2C48602C00C714E9 /* MovieDTO.swift */,
				0407ED6C2C48608A00C714E9 /* MovieEndpoints.swift */,
				0407ED702C48614A00C714E9 /* MovieRepository.swift */,
			);
			path = Data;
			sourceTree = "<group>";
		};
		0407ED692C485FE200C714E9 /* MovieDetails */ = {
			isa = PBXGroup;
			children = (
				0407ED8F2C496E4F00C714E9 /* View */,
				0407ED8E2C496E4100C714E9 /* ViewModel */,
			);
			path = MovieDetails;
			sourceTree = "<group>";
		};
		0407ED7E2C48804E00C714E9 /* Controller */ = {
			isa = PBXGroup;
			children = (
				046B98B42C46D0C9008EE218 /* MoviesViewController.swift */,
				046B98B52C46D0C9008EE218 /* MoviesViewController.xib */,
				0407ED802C4880E700C714E9 /* TabBarViewController.swift */,
			);
			path = Controller;
			sourceTree = "<group>";
		};
		0407ED7F2C48805600C714E9 /* Cell */ = {
			isa = PBXGroup;
			children = (
				0407ED842C48969C00C714E9 /* MovieTableViewCell.swift */,
				0407ED852C48969C00C714E9 /* MovieTableViewCell.xib */,
			);
			path = Cell;
			sourceTree = "<group>";
		};
		0407ED882C4898E500C714E9 /* Helper */ = {
			isa = PBXGroup;
			children = (
				0407ED892C4898F000C714E9 /* Extenssion */,
				0407EDAC2C4A020E00C714E9 /* BaseViewController.swift */,
			);
			path = Helper;
			sourceTree = "<group>";
		};
		0407ED892C4898F000C714E9 /* Extenssion */ = {
			isa = PBXGroup;
			children = (
				0407ED8A2C48990000C714E9 /* UIView+extension.swift */,
				0407ED8C2C489AF500C714E9 /* UITableView+extension.swift */,
			);
			path = Extenssion;
			sourceTree = "<group>";
		};
		0407ED8E2C496E4100C714E9 /* ViewModel */ = {
			isa = PBXGroup;
			children = (
				0407ED942C496E8D00C714E9 /* MovieDetailsViewModel.swift */,
			);
			path = ViewModel;
			sourceTree = "<group>";
		};
		0407ED8F2C496E4F00C714E9 /* View */ = {
			isa = PBXGroup;
			children = (
				0407ED902C496E7A00C714E9 /* MovieDetailsViewController.swift */,
				0407ED912C496E7A00C714E9 /* MovieDetailsViewController.xib */,
			);
			path = View;
			sourceTree = "<group>";
		};
		0407ED962C4977AB00C714E9 /* Coordinator */ = {
			isa = PBXGroup;
			children = (
				0407ED972C4977C300C714E9 /* Coordinator.swift */,
				0407ED992C49781300C714E9 /* MovieCoordinator.swift */,
			);
			path = Coordinator;
			sourceTree = "<group>";
		};
		0407ED9B2C49D95B00C714E9 /* Cache */ = {
			isa = PBXGroup;
			children = (
				0407ED9C2C49D97100C714E9 /* CacheManager.swift */,
				0407EDA82C49E6AA00C714E9 /* popular-movies.json */,
				0407EDA42C49E5C200C714E9 /* upcoming-Movies.json */,
				0407EDA62C49E69100C714E9 /* playing-now-movies.json */,
			);
			path = Cache;
			sourceTree = "<group>";
		};
		046B984C2C46CE6F008EE218 = {
			isa = PBXGroup;
			children = (
				046B98572C46CE6F008EE218 /* banquemisr.challenge05 */,
				046B98712C46CE79008EE218 /* banquemisr.challenge05Tests */,
				046B987B2C46CE79008EE218 /* banquemisr.challenge05UITests */,
				046B98562C46CE6F008EE218 /* Products */,
				046B98F62C47023C008EE218 /* Frameworks */,
			);
			sourceTree = "<group>";
		};
		046B98562C46CE6F008EE218 /* Products */ = {
			isa = PBXGroup;
			children = (
				046B98552C46CE6F008EE218 /* banquemisr.challenge05.app */,
				046B986E2C46CE78008EE218 /* banquemisr.challenge05Tests.xctest */,
				046B98782C46CE79008EE218 /* banquemisr.challenge05UITests.xctest */,
			);
			name = Products;
			sourceTree = "<group>";
		};
		046B98572C46CE6F008EE218 /* banquemisr.challenge05 */ = {
			isa = PBXGroup;
			children = (
				0407ED9B2C49D95B00C714E9 /* Cache */,
				0407ED962C4977AB00C714E9 /* Coordinator */,
				0407ED882C4898E500C714E9 /* Helper */,
				046B98AF2C46D06B008EE218 /* Movie */,
				046B98582C46CE6F008EE218 /* AppDelegate.swift */,
				046B985A2C46CE6F008EE218 /* SceneDelegate.swift */,
				046B985C2C46CE6F008EE218 /* ViewController.swift */,
				046B985E2C46CE6F008EE218 /* Main.storyboard */,
				046B98642C46CE78008EE218 /* Assets.xcassets */,
				046B98662C46CE78008EE218 /* LaunchScreen.storyboard */,
				046B98692C46CE78008EE218 /* Info.plist */,
				046B98612C46CE6F008EE218 /* banquemisr_challenge05.xcdatamodeld */,
			);
			path = banquemisr.challenge05;
			sourceTree = "<group>";
		};
		046B98712C46CE79008EE218 /* banquemisr.challenge05Tests */ = {
			isa = PBXGroup;
			children = (
				046B98722C46CE79008EE218 /* banquemisr_challenge05Tests.swift */,
			);
			path = banquemisr.challenge05Tests;
			sourceTree = "<group>";
		};
		046B987B2C46CE79008EE218 /* banquemisr.challenge05UITests */ = {
			isa = PBXGroup;
			children = (
				046B987C2C46CE79008EE218 /* banquemisr_challenge05UITests.swift */,
				046B987E2C46CE79008EE218 /* banquemisr_challenge05UITestsLaunchTests.swift */,
			);
			path = banquemisr.challenge05UITests;
			sourceTree = "<group>";
		};
		046B98AF2C46D06B008EE218 /* Movie */ = {
			isa = PBXGroup;
			children = (
				0407ED692C485FE200C714E9 /* MovieDetails */,
				046B98B02C46D090008EE218 /* MoviesList */,
			);
			path = Movie;
			sourceTree = "<group>";
		};
		046B98B02C46D090008EE218 /* MoviesList */ = {
			isa = PBXGroup;
			children = (
				0407ED682C485FA400C714E9 /* Data */,
				0407ED672C485F9800C714E9 /* Domain */,
				0407ED662C485F8300C714E9 /* Presentaion */,
			);
			path = MoviesList;
			sourceTree = "<group>";
		};
		046B98B12C46D099008EE218 /* View */ = {
			isa = PBXGroup;
			children = (
				0407ED7F2C48805600C714E9 /* Cell */,
				0407ED7E2C48804E00C714E9 /* Controller */,
			);
			path = View;
			sourceTree = "<group>";
		};
		046B98B22C46D0A0008EE218 /* ViewModel */ = {
			isa = PBXGroup;
			children = (
				0407ED782C48621D00C714E9 /* MovieViewModel.swift */,
				0407ED7A2C48624200C714E9 /* MovieViewModelType.swift */,
			);
			path = ViewModel;
			sourceTree = "<group>";
		};
		046B98F62C47023C008EE218 /* Frameworks */ = {
			isa = PBXGroup;
			children = (
				046B98F72C47023C008EE218 /* NetworkService.framework */,
			);
			name = Frameworks;
			sourceTree = "<group>";
		};
/* End PBXGroup section */

/* Begin PBXNativeTarget section */
		046B98542C46CE6F008EE218 /* banquemisr.challenge05 */ = {
			isa = PBXNativeTarget;
			buildConfigurationList = 046B98822C46CE79008EE218 /* Build configuration list for PBXNativeTarget "banquemisr.challenge05" */;
			buildPhases = (
				046B98512C46CE6F008EE218 /* Sources */,
				046B98522C46CE6F008EE218 /* Frameworks */,
				046B98532C46CE6F008EE218 /* Resources */,
				046B98FA2C47023C008EE218 /* Embed Frameworks */,
			);
			buildRules = (
			);
			dependencies = (
			);
			name = banquemisr.challenge05;
			productName = banquemisr.challenge05;
			productReference = 046B98552C46CE6F008EE218 /* banquemisr.challenge05.app */;
			productType = "com.apple.product-type.application";
		};
		046B986D2C46CE78008EE218 /* banquemisr.challenge05Tests */ = {
			isa = PBXNativeTarget;
			buildConfigurationList = 046B98852C46CE79008EE218 /* Build configuration list for PBXNativeTarget "banquemisr.challenge05Tests" */;
			buildPhases = (
				046B986A2C46CE78008EE218 /* Sources */,
				046B986B2C46CE78008EE218 /* Frameworks */,
				046B986C2C46CE78008EE218 /* Resources */,
			);
			buildRules = (
			);
			dependencies = (
				046B98702C46CE78008EE218 /* PBXTargetDependency */,
			);
			name = banquemisr.challenge05Tests;
			productName = banquemisr.challenge05Tests;
			productReference = 046B986E2C46CE78008EE218 /* banquemisr.challenge05Tests.xctest */;
			productType = "com.apple.product-type.bundle.unit-test";
		};
		046B98772C46CE79008EE218 /* banquemisr.challenge05UITests */ = {
			isa = PBXNativeTarget;
			buildConfigurationList = 046B98882C46CE79008EE218 /* Build configuration list for PBXNativeTarget "banquemisr.challenge05UITests" */;
			buildPhases = (
				046B98742C46CE79008EE218 /* Sources */,
				046B98752C46CE79008EE218 /* Frameworks */,
				046B98762C46CE79008EE218 /* Resources */,
			);
			buildRules = (
			);
			dependencies = (
				046B987A2C46CE79008EE218 /* PBXTargetDependency */,
			);
			name = banquemisr.challenge05UITests;
			productName = banquemisr.challenge05UITests;
			productReference = 046B98782C46CE79008EE218 /* banquemisr.challenge05UITests.xctest */;
			productType = "com.apple.product-type.bundle.ui-testing";
		};
/* End PBXNativeTarget section */

/* Begin PBXProject section */
		046B984D2C46CE6F008EE218 /* Project object */ = {
			isa = PBXProject;
			attributes = {
				BuildIndependentTargetsInParallel = 1;
				LastSwiftUpdateCheck = 1430;
				LastUpgradeCheck = 1430;
				TargetAttributes = {
					046B98542C46CE6F008EE218 = {
						CreatedOnToolsVersion = 14.3.1;
					};
					046B986D2C46CE78008EE218 = {
						CreatedOnToolsVersion = 14.3.1;
						TestTargetID = 046B98542C46CE6F008EE218;
					};
					046B98772C46CE79008EE218 = {
						CreatedOnToolsVersion = 14.3.1;
						TestTargetID = 046B98542C46CE6F008EE218;
					};
				};
			};
			buildConfigurationList = 046B98502C46CE6F008EE218 /* Build configuration list for PBXProject "banquemisr.challenge05" */;
			compatibilityVersion = "Xcode 14.0";
			developmentRegion = en;
			hasScannedForEncodings = 0;
			knownRegions = (
				en,
				Base,
			);
			mainGroup = 046B984C2C46CE6F008EE218;
			productRefGroup = 046B98562C46CE6F008EE218 /* Products */;
			projectDirPath = "";
			projectRoot = "";
			targets = (
				046B98542C46CE6F008EE218 /* banquemisr.challenge05 */,
				046B986D2C46CE78008EE218 /* banquemisr.challenge05Tests */,
				046B98772C46CE79008EE218 /* banquemisr.challenge05UITests */,
			);
		};
/* End PBXProject section */

/* Begin PBXResourcesBuildPhase section */
		046B98532C46CE6F008EE218 /* Resources */ = {
			isa = PBXResourcesBuildPhase;
			buildActionMask = 2147483647;
			files = (
				046B98682C46CE78008EE218 /* LaunchScreen.storyboard in Resources */,
				0407ED872C48969C00C714E9 /* MovieTableViewCell.xib in Resources */,
				046B98652C46CE78008EE218 /* Assets.xcassets in Resources */,
				046B98602C46CE6F008EE218 /* Main.storyboard in Resources */,
				0407ED932C496E7A00C714E9 /* MovieDetailsViewController.xib in Resources */,
				046B98B72C46D0C9008EE218 /* MoviesViewController.xib in Resources */,
			);
			runOnlyForDeploymentPostprocessing = 0;
		};
		046B986C2C46CE78008EE218 /* Resources */ = {
			isa = PBXResourcesBuildPhase;
			buildActionMask = 2147483647;
			files = (
			);
			runOnlyForDeploymentPostprocessing = 0;
		};
		046B98762C46CE79008EE218 /* Resources */ = {
			isa = PBXResourcesBuildPhase;
			buildActionMask = 2147483647;
			files = (
			);
			runOnlyForDeploymentPostprocessing = 0;
		};
/* End PBXResourcesBuildPhase section */

/* Begin PBXSourcesBuildPhase section */
		046B98512C46CE6F008EE218 /* Sources */ = {
			isa = PBXSourcesBuildPhase;
			buildActionMask = 2147483647;
			files = (
				0407ED922C496E7A00C714E9 /* MovieDetailsViewController.swift in Sources */,
				0407ED862C48969C00C714E9 /* MovieTableViewCell.swift in Sources */,
				0407ED822C4880E700C714E9 /* TabBarViewController.swift in Sources */,
				046B985D2C46CE6F008EE218 /* ViewController.swift in Sources */,
				0407ED9A2C49781300C714E9 /* MovieCoordinator.swift in Sources */,
				0407ED732C48618300C714E9 /* MovieEntity.swift in Sources */,
				0407EDAB2C49F6AF00C714E9 /* MovieType.swift in Sources */,
				046B98B62C46D0C9008EE218 /* MoviesViewController.swift in Sources */,
				0407ED982C4977C300C714E9 /* Coordinator.swift in Sources */,
				0407ED712C48614A00C714E9 /* MovieRepository.swift in Sources */,
				0407ED7D2C48661200C714E9 /* Mapper.swift in Sources */,
				0407ED8B2C48990000C714E9 /* UIView+extension.swift in Sources */,
				0407ED6D2C48608A00C714E9 /* MovieEndpoints.swift in Sources */,
				0407EDAD2C4A020E00C714E9 /* BaseViewController.swift in Sources */,
				0407ED752C4861AB00C714E9 /* MovieUseCaseContract.swift in Sources */,
				0407ED9D2C49D97100C714E9 /* CacheManager.swift in Sources */,
				046B98632C46CE6F008EE218 /* banquemisr_challenge05.xcdatamodeld in Sources */,
				0407ED6F2C48613100C714E9 /* MovieContract.swift in Sources */,
				046B98592C46CE6F008EE218 /* AppDelegate.swift in Sources */,
				0407ED952C496E8D00C714E9 /* MovieDetailsViewModel.swift in Sources */,
				0407ED6B2C48602C00C714E9 /* MovieDTO.swift in Sources */,
				0407ED792C48621D00C714E9 /* MovieViewModel.swift in Sources */,
				0407ED7B2C48624200C714E9 /* MovieViewModelType.swift in Sources */,
				0407ED772C4861C700C714E9 /* MovieUseCase.swift in Sources */,
				0407ED8D2C489AF500C714E9 /* UITableView+extension.swift in Sources */,
				046B985B2C46CE6F008EE218 /* SceneDelegate.swift in Sources */,
			);
			runOnlyForDeploymentPostprocessing = 0;
		};
		046B986A2C46CE78008EE218 /* Sources */ = {
			isa = PBXSourcesBuildPhase;
			buildActionMask = 2147483647;
			files = (
				046B98732C46CE79008EE218 /* banquemisr_challenge05Tests.swift in Sources */,
			);
			runOnlyForDeploymentPostprocessing = 0;
		};
		046B98742C46CE79008EE218 /* Sources */ = {
			isa = PBXSourcesBuildPhase;
			buildActionMask = 2147483647;
			files = (
				046B987F2C46CE79008EE218 /* banquemisr_challenge05UITestsLaunchTests.swift in Sources */,
				046B987D2C46CE79008EE218 /* banquemisr_challenge05UITests.swift in Sources */,
			);
			runOnlyForDeploymentPostprocessing = 0;
		};
/* End PBXSourcesBuildPhase section */

/* Begin PBXTargetDependency section */
		046B98702C46CE78008EE218 /* PBXTargetDependency */ = {
			isa = PBXTargetDependency;
			target = 046B98542C46CE6F008EE218 /* banquemisr.challenge05 */;
			targetProxy = 046B986F2C46CE78008EE218 /* PBXContainerItemProxy */;
		};
		046B987A2C46CE79008EE218 /* PBXTargetDependency */ = {
			isa = PBXTargetDependency;
			target = 046B98542C46CE6F008EE218 /* banquemisr.challenge05 */;
			targetProxy = 046B98792C46CE79008EE218 /* PBXContainerItemProxy */;
		};
/* End PBXTargetDependency section */

/* Begin PBXVariantGroup section */
		046B985E2C46CE6F008EE218 /* Main.storyboard */ = {
			isa = PBXVariantGroup;
			children = (
				046B985F2C46CE6F008EE218 /* Base */,
			);
			name = Main.storyboard;
			sourceTree = "<group>";
		};
		046B98662C46CE78008EE218 /* LaunchScreen.storyboard */ = {
			isa = PBXVariantGroup;
			children = (
				046B98672C46CE78008EE218 /* Base */,
			);
			name = LaunchScreen.storyboard;
			sourceTree = "<group>";
		};
/* End PBXVariantGroup section */

/* Begin XCBuildConfiguration section */
		046B98802C46CE79008EE218 /* Debug */ = {
			isa = XCBuildConfiguration;
			buildSettings = {
				ALWAYS_SEARCH_USER_PATHS = NO;
				CLANG_ANALYZER_NONNULL = YES;
				CLANG_ANALYZER_NUMBER_OBJECT_CONVERSION = YES_AGGRESSIVE;
				CLANG_CXX_LANGUAGE_STANDARD = "gnu++20";
				CLANG_ENABLE_MODULES = YES;
				CLANG_ENABLE_OBJC_ARC = YES;
				CLANG_ENABLE_OBJC_WEAK = YES;
				CLANG_WARN_BLOCK_CAPTURE_AUTORELEASING = YES;
				CLANG_WARN_BOOL_CONVERSION = YES;
				CLANG_WARN_COMMA = YES;
				CLANG_WARN_CONSTANT_CONVERSION = YES;
				CLANG_WARN_DEPRECATED_OBJC_IMPLEMENTATIONS = YES;
				CLANG_WARN_DIRECT_OBJC_ISA_USAGE = YES_ERROR;
				CLANG_WARN_DOCUMENTATION_COMMENTS = YES;
				CLANG_WARN_EMPTY_BODY = YES;
				CLANG_WARN_ENUM_CONVERSION = YES;
				CLANG_WARN_INFINITE_RECURSION = YES;
				CLANG_WARN_INT_CONVERSION = YES;
				CLANG_WARN_NON_LITERAL_NULL_CONVERSION = YES;
				CLANG_WARN_OBJC_IMPLICIT_RETAIN_SELF = YES;
				CLANG_WARN_OBJC_LITERAL_CONVERSION = YES;
				CLANG_WARN_OBJC_ROOT_CLASS = YES_ERROR;
				CLANG_WARN_QUOTED_INCLUDE_IN_FRAMEWORK_HEADER = YES;
				CLANG_WARN_RANGE_LOOP_ANALYSIS = YES;
				CLANG_WARN_STRICT_PROTOTYPES = YES;
				CLANG_WARN_SUSPICIOUS_MOVE = YES;
				CLANG_WARN_UNGUARDED_AVAILABILITY = YES_AGGRESSIVE;
				CLANG_WARN_UNREACHABLE_CODE = YES;
				CLANG_WARN__DUPLICATE_METHOD_MATCH = YES;
				COPY_PHASE_STRIP = NO;
				DEBUG_INFORMATION_FORMAT = dwarf;
				ENABLE_STRICT_OBJC_MSGSEND = YES;
				ENABLE_TESTABILITY = YES;
				GCC_C_LANGUAGE_STANDARD = gnu11;
				GCC_DYNAMIC_NO_PIC = NO;
				GCC_NO_COMMON_BLOCKS = YES;
				GCC_OPTIMIZATION_LEVEL = 0;
				GCC_PREPROCESSOR_DEFINITIONS = (
					"DEBUG=1",
					"$(inherited)",
				);
				GCC_WARN_64_TO_32_BIT_CONVERSION = YES;
				GCC_WARN_ABOUT_RETURN_TYPE = YES_ERROR;
				GCC_WARN_UNDECLARED_SELECTOR = YES;
				GCC_WARN_UNINITIALIZED_AUTOS = YES_AGGRESSIVE;
				GCC_WARN_UNUSED_FUNCTION = YES;
				GCC_WARN_UNUSED_VARIABLE = YES;
				IPHONEOS_DEPLOYMENT_TARGET = 16.4;
				MTL_ENABLE_DEBUG_INFO = INCLUDE_SOURCE;
				MTL_FAST_MATH = YES;
				ONLY_ACTIVE_ARCH = YES;
				SDKROOT = iphoneos;
				SWIFT_ACTIVE_COMPILATION_CONDITIONS = DEBUG;
				SWIFT_OPTIMIZATION_LEVEL = "-Onone";
			};
			name = Debug;
		};
		046B98812C46CE79008EE218 /* Release */ = {
			isa = XCBuildConfiguration;
			buildSettings = {
				ALWAYS_SEARCH_USER_PATHS = NO;
				CLANG_ANALYZER_NONNULL = YES;
				CLANG_ANALYZER_NUMBER_OBJECT_CONVERSION = YES_AGGRESSIVE;
				CLANG_CXX_LANGUAGE_STANDARD = "gnu++20";
				CLANG_ENABLE_MODULES = YES;
				CLANG_ENABLE_OBJC_ARC = YES;
				CLANG_ENABLE_OBJC_WEAK = YES;
				CLANG_WARN_BLOCK_CAPTURE_AUTORELEASING = YES;
				CLANG_WARN_BOOL_CONVERSION = YES;
				CLANG_WARN_COMMA = YES;
				CLANG_WARN_CONSTANT_CONVERSION = YES;
				CLANG_WARN_DEPRECATED_OBJC_IMPLEMENTATIONS = YES;
				CLANG_WARN_DIRECT_OBJC_ISA_USAGE = YES_ERROR;
				CLANG_WARN_DOCUMENTATION_COMMENTS = YES;
				CLANG_WARN_EMPTY_BODY = YES;
				CLANG_WARN_ENUM_CONVERSION = YES;
				CLANG_WARN_INFINITE_RECURSION = YES;
				CLANG_WARN_INT_CONVERSION = YES;
				CLANG_WARN_NON_LITERAL_NULL_CONVERSION = YES;
				CLANG_WARN_OBJC_IMPLICIT_RETAIN_SELF = YES;
				CLANG_WARN_OBJC_LITERAL_CONVERSION = YES;
				CLANG_WARN_OBJC_ROOT_CLASS = YES_ERROR;
				CLANG_WARN_QUOTED_INCLUDE_IN_FRAMEWORK_HEADER = YES;
				CLANG_WARN_RANGE_LOOP_ANALYSIS = YES;
				CLANG_WARN_STRICT_PROTOTYPES = YES;
				CLANG_WARN_SUSPICIOUS_MOVE = YES;
				CLANG_WARN_UNGUARDED_AVAILABILITY = YES_AGGRESSIVE;
				CLANG_WARN_UNREACHABLE_CODE = YES;
				CLANG_WARN__DUPLICATE_METHOD_MATCH = YES;
				COPY_PHASE_STRIP = NO;
				DEBUG_INFORMATION_FORMAT = "dwarf-with-dsym";
				ENABLE_NS_ASSERTIONS = NO;
				ENABLE_STRICT_OBJC_MSGSEND = YES;
				GCC_C_LANGUAGE_STANDARD = gnu11;
				GCC_NO_COMMON_BLOCKS = YES;
				GCC_WARN_64_TO_32_BIT_CONVERSION = YES;
				GCC_WARN_ABOUT_RETURN_TYPE = YES_ERROR;
				GCC_WARN_UNDECLARED_SELECTOR = YES;
				GCC_WARN_UNINITIALIZED_AUTOS = YES_AGGRESSIVE;
				GCC_WARN_UNUSED_FUNCTION = YES;
				GCC_WARN_UNUSED_VARIABLE = YES;
				IPHONEOS_DEPLOYMENT_TARGET = 16.4;
				MTL_ENABLE_DEBUG_INFO = NO;
				MTL_FAST_MATH = YES;
				SDKROOT = iphoneos;
				SWIFT_COMPILATION_MODE = wholemodule;
				SWIFT_OPTIMIZATION_LEVEL = "-O";
				VALIDATE_PRODUCT = YES;
			};
			name = Release;
		};
		046B98832C46CE79008EE218 /* Debug */ = {
			isa = XCBuildConfiguration;
			buildSettings = {
				ASSETCATALOG_COMPILER_APPICON_NAME = AppIcon;
				ASSETCATALOG_COMPILER_GLOBAL_ACCENT_COLOR_NAME = AccentColor;
				CODE_SIGN_STYLE = Automatic;
				CURRENT_PROJECT_VERSION = 1;
				GENERATE_INFOPLIST_FILE = YES;
				INFOPLIST_FILE = banquemisr.challenge05/Info.plist;
				INFOPLIST_KEY_UIApplicationSupportsIndirectInputEvents = YES;
				INFOPLIST_KEY_UILaunchStoryboardName = LaunchScreen;
				INFOPLIST_KEY_UIMainStoryboardFile = Main;
				INFOPLIST_KEY_UISupportedInterfaceOrientations_iPad = "UIInterfaceOrientationPortrait UIInterfaceOrientationPortraitUpsideDown UIInterfaceOrientationLandscapeLeft UIInterfaceOrientationLandscapeRight";
				INFOPLIST_KEY_UISupportedInterfaceOrientations_iPhone = "UIInterfaceOrientationPortrait UIInterfaceOrientationLandscapeLeft UIInterfaceOrientationLandscapeRight";
				IPHONEOS_DEPLOYMENT_TARGET = 16.0;
				LD_RUNPATH_SEARCH_PATHS = (
					"$(inherited)",
					"@executable_path/Frameworks",
				);
				MARKETING_VERSION = 1.0;
				PRODUCT_BUNDLE_IDENTIFIER = "com.Ebtisam.banquemisr-challenge05";
				PRODUCT_NAME = "$(TARGET_NAME)";
				SWIFT_EMIT_LOC_STRINGS = YES;
				SWIFT_VERSION = 5.0;
				TARGETED_DEVICE_FAMILY = "1,2";
			};
			name = Debug;
		};
		046B98842C46CE79008EE218 /* Release */ = {
			isa = XCBuildConfiguration;
			buildSettings = {
				ASSETCATALOG_COMPILER_APPICON_NAME = AppIcon;
				ASSETCATALOG_COMPILER_GLOBAL_ACCENT_COLOR_NAME = AccentColor;
				CODE_SIGN_STYLE = Automatic;
				CURRENT_PROJECT_VERSION = 1;
				GENERATE_INFOPLIST_FILE = YES;
				INFOPLIST_FILE = banquemisr.challenge05/Info.plist;
				INFOPLIST_KEY_UIApplicationSupportsIndirectInputEvents = YES;
				INFOPLIST_KEY_UILaunchStoryboardName = LaunchScreen;
				INFOPLIST_KEY_UIMainStoryboardFile = Main;
				INFOPLIST_KEY_UISupportedInterfaceOrientations_iPad = "UIInterfaceOrientationPortrait UIInterfaceOrientationPortraitUpsideDown UIInterfaceOrientationLandscapeLeft UIInterfaceOrientationLandscapeRight";
				INFOPLIST_KEY_UISupportedInterfaceOrientations_iPhone = "UIInterfaceOrientationPortrait UIInterfaceOrientationLandscapeLeft UIInterfaceOrientationLandscapeRight";
				IPHONEOS_DEPLOYMENT_TARGET = 16.0;
				LD_RUNPATH_SEARCH_PATHS = (
					"$(inherited)",
					"@executable_path/Frameworks",
				);
				MARKETING_VERSION = 1.0;
				PRODUCT_BUNDLE_IDENTIFIER = "com.Ebtisam.banquemisr-challenge05";
				PRODUCT_NAME = "$(TARGET_NAME)";
				SWIFT_EMIT_LOC_STRINGS = YES;
				SWIFT_VERSION = 5.0;
				TARGETED_DEVICE_FAMILY = "1,2";
			};
			name = Release;
		};
		046B98862C46CE79008EE218 /* Debug */ = {
			isa = XCBuildConfiguration;
			buildSettings = {
				ALWAYS_EMBED_SWIFT_STANDARD_LIBRARIES = YES;
				BUNDLE_LOADER = "$(TEST_HOST)";
				CODE_SIGN_STYLE = Automatic;
				CURRENT_PROJECT_VERSION = 1;
				GENERATE_INFOPLIST_FILE = YES;
				IPHONEOS_DEPLOYMENT_TARGET = 16.4;
				MARKETING_VERSION = 1.0;
				PRODUCT_BUNDLE_IDENTIFIER = "com.Ebtisam.banquemisr-challenge05Tests";
				PRODUCT_NAME = "$(TARGET_NAME)";
				SWIFT_EMIT_LOC_STRINGS = NO;
				SWIFT_VERSION = 5.0;
				TARGETED_DEVICE_FAMILY = "1,2";
				TEST_HOST = "$(BUILT_PRODUCTS_DIR)/banquemisr.challenge05.app/$(BUNDLE_EXECUTABLE_FOLDER_PATH)/banquemisr.challenge05";
			};
			name = Debug;
		};
		046B98872C46CE79008EE218 /* Release */ = {
			isa = XCBuildConfiguration;
			buildSettings = {
				ALWAYS_EMBED_SWIFT_STANDARD_LIBRARIES = YES;
				BUNDLE_LOADER = "$(TEST_HOST)";
				CODE_SIGN_STYLE = Automatic;
				CURRENT_PROJECT_VERSION = 1;
				GENERATE_INFOPLIST_FILE = YES;
				IPHONEOS_DEPLOYMENT_TARGET = 16.4;
				MARKETING_VERSION = 1.0;
				PRODUCT_BUNDLE_IDENTIFIER = "com.Ebtisam.banquemisr-challenge05Tests";
				PRODUCT_NAME = "$(TARGET_NAME)";
				SWIFT_EMIT_LOC_STRINGS = NO;
				SWIFT_VERSION = 5.0;
				TARGETED_DEVICE_FAMILY = "1,2";
				TEST_HOST = "$(BUILT_PRODUCTS_DIR)/banquemisr.challenge05.app/$(BUNDLE_EXECUTABLE_FOLDER_PATH)/banquemisr.challenge05";
			};
			name = Release;
		};
		046B98892C46CE79008EE218 /* Debug */ = {
			isa = XCBuildConfiguration;
			buildSettings = {
				ALWAYS_EMBED_SWIFT_STANDARD_LIBRARIES = YES;
				CODE_SIGN_STYLE = Automatic;
				CURRENT_PROJECT_VERSION = 1;
				GENERATE_INFOPLIST_FILE = YES;
				MARKETING_VERSION = 1.0;
				PRODUCT_BUNDLE_IDENTIFIER = "com.Ebtisam.banquemisr-challenge05UITests";
				PRODUCT_NAME = "$(TARGET_NAME)";
				SWIFT_EMIT_LOC_STRINGS = NO;
				SWIFT_VERSION = 5.0;
				TARGETED_DEVICE_FAMILY = "1,2";
				TEST_TARGET_NAME = banquemisr.challenge05;
			};
			name = Debug;
		};
		046B988A2C46CE79008EE218 /* Release */ = {
			isa = XCBuildConfiguration;
			buildSettings = {
				ALWAYS_EMBED_SWIFT_STANDARD_LIBRARIES = YES;
				CODE_SIGN_STYLE = Automatic;
				CURRENT_PROJECT_VERSION = 1;
				GENERATE_INFOPLIST_FILE = YES;
				MARKETING_VERSION = 1.0;
				PRODUCT_BUNDLE_IDENTIFIER = "com.Ebtisam.banquemisr-challenge05UITests";
				PRODUCT_NAME = "$(TARGET_NAME)";
				SWIFT_EMIT_LOC_STRINGS = NO;
				SWIFT_VERSION = 5.0;
				TARGETED_DEVICE_FAMILY = "1,2";
				TEST_TARGET_NAME = banquemisr.challenge05;
			};
			name = Release;
		};
/* End XCBuildConfiguration section */

/* Begin XCConfigurationList section */
		046B98502C46CE6F008EE218 /* Build configuration list for PBXProject "banquemisr.challenge05" */ = {
			isa = XCConfigurationList;
			buildConfigurations = (
				046B98802C46CE79008EE218 /* Debug */,
				046B98812C46CE79008EE218 /* Release */,
			);
			defaultConfigurationIsVisible = 0;
			defaultConfigurationName = Release;
		};
		046B98822C46CE79008EE218 /* Build configuration list for PBXNativeTarget "banquemisr.challenge05" */ = {
			isa = XCConfigurationList;
			buildConfigurations = (
				046B98832C46CE79008EE218 /* Debug */,
				046B98842C46CE79008EE218 /* Release */,
			);
			defaultConfigurationIsVisible = 0;
			defaultConfigurationName = Release;
		};
		046B98852C46CE79008EE218 /* Build configuration list for PBXNativeTarget "banquemisr.challenge05Tests" */ = {
			isa = XCConfigurationList;
			buildConfigurations = (
				046B98862C46CE79008EE218 /* Debug */,
				046B98872C46CE79008EE218 /* Release */,
			);
			defaultConfigurationIsVisible = 0;
			defaultConfigurationName = Release;
		};
		046B98882C46CE79008EE218 /* Build configuration list for PBXNativeTarget "banquemisr.challenge05UITests" */ = {
			isa = XCConfigurationList;
			buildConfigurations = (
				046B98892C46CE79008EE218 /* Debug */,
				046B988A2C46CE79008EE218 /* Release */,
			);
			defaultConfigurationIsVisible = 0;
			defaultConfigurationName = Release;
		};
/* End XCConfigurationList section */

/* Begin XCVersionGroup section */
		046B98612C46CE6F008EE218 /* banquemisr_challenge05.xcdatamodeld */ = {
			isa = XCVersionGroup;
			children = (
				046B98622C46CE6F008EE218 /* banquemisr_challenge05.xcdatamodel */,
			);
			currentVersion = 046B98622C46CE6F008EE218 /* banquemisr_challenge05.xcdatamodel */;
			path = banquemisr_challenge05.xcdatamodeld;
			sourceTree = "<group>";
			versionGroupType = wrapper.xcdatamodel;
		};
/* End XCVersionGroup section */
	};
	rootObject = 046B984D2C46CE6F008EE218 /* Project object */;
}
